{
  "version": 1,
  "dependencies": {
    ".NETFramework,Version=v4.5": {
      "Grasshopper": {
        "type": "Direct",
        "requested": "[6.0.18016.23451, )",
        "resolved": "6.0.18016.23451",
        "contentHash": "Te2PeJQsNt7JjBTp6dK3YsHN2m6yKDswbCs49CclWnHdeuHPTUBiLyhJaSFLaRL14Vo1Scsuog+J053xOEZtSw==",
        "dependencies": {
          "RhinoCommon": "[6.0.18016.23451]"
        }
      },
      "ILRepack.Lib.MSBuild.Task": {
        "type": "Direct",
        "requested": "[2.0.18.1, )",
        "resolved": "2.0.18.1",
        "contentHash": "qZ7CfC96nRO47N3IC5DYtmGCJHUzVPqrGyN6J22Drfvk97u/LK8b/weFSbJPhTv8Z2kL6RkOO/vTL+FJeRovag=="
      },
      "Microsoft.CodeAnalysis.FxCopAnalyzers": {
        "type": "Direct",
        "requested": "[2.9.11, )",
        "resolved": "2.9.11",
        "contentHash": "nGMhQ7iqH880gk1vzOiwBfnsL93IgF1/nOa0nk7EaWLM8bDVzVK6JTuM0zeWoeV7eWhiwKzMB2xypWQ+QdfPCQ==",
        "dependencies": {
          "Microsoft.CodeAnalysis.VersionCheckAnalyzer": "[2.9.11]",
          "Microsoft.CodeQuality.Analyzers": "[2.9.11]",
          "Microsoft.NetCore.Analyzers": "[2.9.11]",
          "Microsoft.NetFramework.Analyzers": "[2.9.11]"
        }
      },
      "Newtonsoft.Json": {
        "type": "Direct",
        "requested": "[12.0.3, )",
        "resolved": "12.0.3",
        "contentHash": "6mgjfnRB4jKMlzHSl+VD+oUc1IebOZabkbyWj2RiTgWwYPPuaK1H97G1sHqGwPlS5npiF5Q0OrxN1wni2n5QWg=="
      },
      "RhinoCommon": {
        "type": "Direct",
        "requested": "[6.0.18016.23451, )",
        "resolved": "6.0.18016.23451",
        "contentHash": "1l6lrciyp8uNcfYUBgxbD+onX9nWywnUBrO2ECL+UNhJqhgDIZaEDfkvX24NTgqcftyGgdgytf9lzo8idR28XQ=="
      },
      "StyleCop.Analyzers": {
        "type": "Direct",
        "requested": "[1.1.118, )",
        "resolved": "1.1.118",
        "contentHash": "Onx6ovGSqXSK07n/0eM3ZusiNdB6cIlJdabQhWGgJp3Vooy9AaLS/tigeybOJAobqbtggTamoWndz72JscZBvw=="
      },
      "Microsoft.CodeAnalysis.VersionCheckAnalyzer": {
        "type": "Transitive",
        "resolved": "2.9.11",
        "contentHash": "Op8elqupkiHRSo5NklOJowbvrzASxuABrY/8bhkyUACqFPZEIYch8cXS6fZZ190ALGmP4nKCUy8e9TSKUweTJw=="
      },
      "Microsoft.CodeQuality.Analyzers": {
        "type": "Transitive",
        "resolved": "2.9.11",
        "contentHash": "kPQUYpm+nfesSarITRgJMWISBBINoMnk8uP5/bfFLQ97KNEvTyERxQzKxziKYPtv997B0rEjLSw0WCr+70auhA=="
      },
      "Microsoft.NetCore.Analyzers": {
        "type": "Transitive",
        "resolved": "2.9.11",
        "contentHash": "C71b5d+1lkdk6yHpUzyEHzy2vbKb8YsvzWgvIEHLVfq314CwXBiG92WGFTgg2wCP31jbVhTH9N+MGIPvJDEkZA=="
      },
      "Microsoft.NetFramework.Analyzers": {
        "type": "Transitive",
        "resolved": "2.9.11",
        "contentHash": "1zdfkW9S2Zx+tr0nmELt2HzBPQK7CWPzq2CpJqyB1QMi02zRo3YCnQElgD9Jp76NV1UEkqpY9l4JUCJ4A6SHwA=="
      }
    },
    ".NETFramework,Version=v4.5/win": {},
    ".NETFramework,Version=v4.5/win-x64": {},
    ".NETFramework,Version=v4.5/win-x86": {}
  }
}