{
  "version": 1,
  "dependencies": {
    ".NETFramework,Version=v4.5": {
      "Grasshopper": {
        "type": "Direct",
        "requested": "[6.0.18016.23451, )",
        "resolved": "6.0.18016.23451",
        "contentHash": "Te2PeJQsNt7JjBTp6dK3YsHN2m6yKDswbCs49CclWnHdeuHPTUBiLyhJaSFLaRL14Vo1Scsuog+J053xOEZtSw==",
        "dependencies": {
          "RhinoCommon": "[6.0.18016.23451]"
        }
      },
      "ILRepack.Lib.MSBuild.Task": {
        "type": "Direct",
        "requested": "[2.0.18.1, )",
        "resolved": "2.0.18.1",
        "contentHash": "qZ7CfC96nRO47N3IC5DYtmGCJHUzVPqrGyN6J22Drfvk97u/LK8b/weFSbJPhTv8Z2kL6RkOO/vTL+FJeRovag=="
      },
      "Microsoft.CodeAnalysis.FxCopAnalyzers": {
        "type": "Direct",
        "requested": "[2.9.6, )",
        "resolved": "2.9.6",
        "contentHash": "GBZV6P8u3uIXYrlapvbpaaaB5LpF3hk+I2ThIcoVyENr8krNOovFyJhi6FQHgnxd0XLPj9J9Nt35iuqwVe/XJw==",
        "dependencies": {
          "Microsoft.CodeAnalysis.VersionCheckAnalyzer": "[2.9.6]",
          "Microsoft.CodeQuality.Analyzers": "[2.9.6]",
          "Microsoft.NetCore.Analyzers": "[2.9.6]",
          "Microsoft.NetFramework.Analyzers": "[2.9.6]"
        }
      },
      "Newtonsoft.Json": {
        "type": "Direct",
        "requested": "[12.0.3, )",
        "resolved": "12.0.3",
        "contentHash": "6mgjfnRB4jKMlzHSl+VD+oUc1IebOZabkbyWj2RiTgWwYPPuaK1H97G1sHqGwPlS5npiF5Q0OrxN1wni2n5QWg=="
      },
      "RhinoCommon": {
        "type": "Direct",
        "requested": "[6.0.18016.23451, )",
        "resolved": "6.0.18016.23451",
        "contentHash": "1l6lrciyp8uNcfYUBgxbD+onX9nWywnUBrO2ECL+UNhJqhgDIZaEDfkvX24NTgqcftyGgdgytf9lzo8idR28XQ=="
      },
      "StyleCop.Analyzers": {
        "type": "Direct",
        "requested": "[1.1.118, )",
        "resolved": "1.1.118",
        "contentHash": "Onx6ovGSqXSK07n/0eM3ZusiNdB6cIlJdabQhWGgJp3Vooy9AaLS/tigeybOJAobqbtggTamoWndz72JscZBvw=="
      },
      "Microsoft.CodeAnalysis.VersionCheckAnalyzer": {
        "type": "Transitive",
        "resolved": "2.9.6",
        "contentHash": "Q5rRN0+9TJsfsXaGKnzDjGkUZ4Rd8ZKmpSND1j49jsmLacCspp4ZaJ31nJn76B/W0qrb4GkEBxKtj3U9lo2gqg=="
      },
      "Microsoft.CodeQuality.Analyzers": {
        "type": "Transitive",
        "resolved": "2.9.6",
        "contentHash": "jND04w/FPgfBYKkLLnosmvgHs8NMpMvQ7LQqyiCjMlKOM+MT6edgvTU0vAAowxGuLGceC6pjJm0kUVkG9qT3CQ=="
      },
      "Microsoft.NetCore.Analyzers": {
        "type": "Transitive",
        "resolved": "2.9.6",
        "contentHash": "YPcQ+gCt66btt9jNHNi4vrRK6AAP7EIO17quwUeHLUw7vhc6q18r2RYVTLKQvOQuOXs1UEYHArENpppwFP4MLA=="
      },
      "Microsoft.NetFramework.Analyzers": {
        "type": "Transitive",
        "resolved": "2.9.6",
        "contentHash": "8VyWe53rtUkgJFAkbCZY5KT2t1tEmRrdK1Z+zbyRlzoKVEHyMs0+WNBeJ8d2YB/NjXaYAlaVG2CGZFnQUrwY6A=="
      }
    },
    ".NETFramework,Version=v4.5/win": {},
    ".NETFramework,Version=v4.5/win-x64": {},
    ".NETFramework,Version=v4.5/win-x86": {}
  }
}