
Microsoft Visual Studio Solution File, Format Version 12.00
# Visual Studio Version 16
VisualStudioVersion = 16.0.30406.217
MinimumVisualStudioVersion = 10.0.40219.1
Project("{FAE04EC0-301F-11D3-BF4B-00C04F79EFBC}") = "GrasshopperBootstrap", "GrasshopperBootstrap\GrasshopperBootstrap.csproj", "{F41C375B-0EFE-4F49-AB21-283CCD838303}"
EndProject
Project("{2150E333-8FDC-42A3-9474-1A3956D46DE8}") = "Solution Items", "Solution Items", "{D70EB218-7E1B-4589-B086-249A0B828B2C}"
	ProjectSection(SolutionItems) = preProject
		.editorconfig = .editorconfig
		GrasshopperBootstrap.ruleset = GrasshopperBootstrap.ruleset
		README.md = README.md
	EndProjectSection
EndProject
Project("{FAE04EC0-301F-11D3-BF4B-00C04F79EFBC}") = "GrasshopperBootstrap.Tests", "GrasshopperBootstrap.Tests\GrasshopperBootstrap.Tests.csproj", "{FD7BACC9-8FAF-4DF3-90AF-AD237F91F2F8}"
EndProject
Global
	GlobalSection(SolutionConfigurationPlatforms) = preSolution
		Debug (WIP)|Any CPU = Debug (WIP)|Any CPU
		Debug|Any CPU = Debug|Any CPU
		Release|Any CPU = Release|Any CPU
	EndGlobalSection
	GlobalSection(ProjectConfigurationPlatforms) = postSolution
		{F41C375B-0EFE-4F49-AB21-283CCD838303}.Debug (WIP)|Any CPU.ActiveCfg = Debug (WIP)|Any CPU
		{F41C375B-0EFE-4F49-AB21-283CCD838303}.Debug (WIP)|Any CPU.Build.0 = Debug (WIP)|Any CPU
		{F41C375B-0EFE-4F49-AB21-283CCD838303}.Debug|Any CPU.ActiveCfg = Debug|Any CPU
		{F41C375B-0EFE-4F49-AB21-283CCD838303}.Debug|Any CPU.Build.0 = Debug|Any CPU
		{F41C375B-0EFE-4F49-AB21-283CCD838303}.Release|Any CPU.ActiveCfg = Release|Any CPU
		{F41C375B-0EFE-4F49-AB21-283CCD838303}.Release|Any CPU.Build.0 = Release|Any CPU
		{FD7BACC9-8FAF-4DF3-90AF-AD237F91F2F8}.Debug (WIP)|Any CPU.ActiveCfg = Debug|Any CPU
		{FD7BACC9-8FAF-4DF3-90AF-AD237F91F2F8}.Debug (WIP)|Any CPU.Build.0 = Debug|Any CPU
		{FD7BACC9-8FAF-4DF3-90AF-AD237F91F2F8}.Debug|Any CPU.ActiveCfg = Debug|Any CPU
		{FD7BACC9-8FAF-4DF3-90AF-AD237F91F2F8}.Debug|Any CPU.Build.0 = Debug|Any CPU
		{FD7BACC9-8FAF-4DF3-90AF-AD237F91F2F8}.Release|Any CPU.ActiveCfg = Release|Any CPU
		{FD7BACC9-8FAF-4DF3-90AF-AD237F91F2F8}.Release|Any CPU.Build.0 = Release|Any CPU
	EndGlobalSection
	GlobalSection(SolutionProperties) = preSolution
		HideSolutionNode = FALSE
	EndGlobalSection
	GlobalSection(ExtensibilityGlobals) = postSolution
		SolutionGuid = {6156761E-DD28-4EFE-8C6A-96A5F4221C02}
	EndGlobalSection
EndGlobal
